
Microsoft Visual Studio Solution File, Format Version 12.00
# Visual Studio Version 17
VisualStudioVersion = 17.2.32526.322
MinimumVisualStudioVersion = 10.0.40219.1
Project("{9A19103F-16F7-4668-BE54-9A1E7A4F7556}") = "C.Advanced", "C.Advanced\C.Advanced.csproj", "{066A9135-BFDF-4C39-9703-6D9D2D10E688}"
EndProject
Project("{9A19103F-16F7-4668-BE54-9A1E7A4F7556}") = "C.Wpf01", "C.Wpf01\C.Wpf01.csproj", "{1A7765C4-7F95-45D9-B21D-2553FDBBB44F}"
EndProject
Project("{9A19103F-16F7-4668-BE54-9A1E7A4F7556}") = "C.Wpf02", "C.Wpf02\C.Wpf02.csproj", "{0D8C749B-8A89-437D-AD52-67A96B48C1B3}"
EndProject
Project("{9A19103F-16F7-4668-BE54-9A1E7A4F7556}") = "C.Wpf03", "C.Wpf03\C.Wpf03.csproj", "{85A1D94E-744F-436C-BF7D-CF13220BAE61}"
EndProject
Project("{9A19103F-16F7-4668-BE54-9A1E7A4F7556}") = "C.Wpf04", "C.Wpf04\C.Wpf04.csproj", "{BC468779-2EAB-4E99-9D7E-E3EF6FFB73E1}"
EndProject
Project("{9A19103F-16F7-4668-BE54-9A1E7A4F7556}") = "C.Wpf05", "C.Wpf05\C.Wpf05.csproj", "{650AF2AB-52A6-4BEB-BE64-C91B5FB007BB}"
EndProject
Project("{9A19103F-16F7-4668-BE54-9A1E7A4F7556}") = "C.Wpf06", "C.Wpf06\C.Wpf06.csproj", "{4FF49848-ACDE-47B3-8AE8-BE90AFECBAE7}"
EndProject
Project("{FAE04EC0-301F-11D3-BF4B-00C04F79EFBC}") = "C.Tcp.Server", "C.Tcp.Server\C.Tcp.Server.csproj", "{25B590DF-77B9-4DB3-830F-47B8BEBD1135}"
EndProject
Project("{FAE04EC0-301F-11D3-BF4B-00C04F79EFBC}") = "C.Tcp.Client", "C.Tcp.Client\C.Tcp.Client.csproj", "{D92E7E55-BC18-4227-8AC4-AC93369378A8}"
EndProject
Project("{FAE04EC0-301F-11D3-BF4B-00C04F79EFBC}") = "C.Udp.Server", "C.Udp.Server\C.Udp.Server.csproj", "{26979F76-AB20-4907-9B37-23887D746E6D}"
EndProject
Project("{FAE04EC0-301F-11D3-BF4B-00C04F79EFBC}") = "C.Udp.Client", "C.Udp.Client\C.Udp.Client.csproj", "{F9282C66-77F5-4D2E-BA41-420A106F4824}"
EndProject
Global
	GlobalSection(SolutionConfigurationPlatforms) = preSolution
		Debug|Any CPU = Debug|Any CPU
		Release|Any CPU = Release|Any CPU
	EndGlobalSection
	GlobalSection(ProjectConfigurationPlatforms) = postSolution
		{066A9135-BFDF-4C39-9703-6D9D2D10E688}.Debug|Any CPU.ActiveCfg = Debug|Any CPU
		{066A9135-BFDF-4C39-9703-6D9D2D10E688}.Debug|Any CPU.Build.0 = Debug|Any CPU
		{066A9135-BFDF-4C39-9703-6D9D2D10E688}.Release|Any CPU.ActiveCfg = Release|Any CPU
		{066A9135-BFDF-4C39-9703-6D9D2D10E688}.Release|Any CPU.Build.0 = Release|Any CPU
		{1A7765C4-7F95-45D9-B21D-2553FDBBB44F}.Debug|Any CPU.ActiveCfg = Debug|Any CPU
		{1A7765C4-7F95-45D9-B21D-2553FDBBB44F}.Debug|Any CPU.Build.0 = Debug|Any CPU
		{1A7765C4-7F95-45D9-B21D-2553FDBBB44F}.Release|Any CPU.ActiveCfg = Release|Any CPU
		{1A7765C4-7F95-45D9-B21D-2553FDBBB44F}.Release|Any CPU.Build.0 = Release|Any CPU
		{0D8C749B-8A89-437D-AD52-67A96B48C1B3}.Debug|Any CPU.ActiveCfg = Debug|Any CPU
		{0D8C749B-8A89-437D-AD52-67A96B48C1B3}.Debug|Any CPU.Build.0 = Debug|Any CPU
		{0D8C749B-8A89-437D-AD52-67A96B48C1B3}.Release|Any CPU.ActiveCfg = Release|Any CPU
		{0D8C749B-8A89-437D-AD52-67A96B48C1B3}.Release|Any CPU.Build.0 = Release|Any CPU
		{85A1D94E-744F-436C-BF7D-CF13220BAE61}.Debug|Any CPU.ActiveCfg = Debug|Any CPU
		{85A1D94E-744F-436C-BF7D-CF13220BAE61}.Debug|Any CPU.Build.0 = Debug|Any CPU
		{85A1D94E-744F-436C-BF7D-CF13220BAE61}.Release|Any CPU.ActiveCfg = Release|Any CPU
		{85A1D94E-744F-436C-BF7D-CF13220BAE61}.Release|Any CPU.Build.0 = Release|Any CPU
		{BC468779-2EAB-4E99-9D7E-E3EF6FFB73E1}.Debug|Any CPU.ActiveCfg = Debug|Any CPU
		{BC468779-2EAB-4E99-9D7E-E3EF6FFB73E1}.Debug|Any CPU.Build.0 = Debug|Any CPU
		{BC468779-2EAB-4E99-9D7E-E3EF6FFB73E1}.Release|Any CPU.ActiveCfg = Release|Any CPU
		{BC468779-2EAB-4E99-9D7E-E3EF6FFB73E1}.Release|Any CPU.Build.0 = Release|Any CPU
		{650AF2AB-52A6-4BEB-BE64-C91B5FB007BB}.Debug|Any CPU.ActiveCfg = Debug|Any CPU
		{650AF2AB-52A6-4BEB-BE64-C91B5FB007BB}.Debug|Any CPU.Build.0 = Debug|Any CPU
		{650AF2AB-52A6-4BEB-BE64-C91B5FB007BB}.Release|Any CPU.ActiveCfg = Release|Any CPU
		{650AF2AB-52A6-4BEB-BE64-C91B5FB007BB}.Release|Any CPU.Build.0 = Release|Any CPU
		{4FF49848-ACDE-47B3-8AE8-BE90AFECBAE7}.Debug|Any CPU.ActiveCfg = Debug|Any CPU
		{4FF49848-ACDE-47B3-8AE8-BE90AFECBAE7}.Debug|Any CPU.Build.0 = Debug|Any CPU
		{4FF49848-ACDE-47B3-8AE8-BE90AFECBAE7}.Release|Any CPU.ActiveCfg = Release|Any CPU
		{4FF49848-ACDE-47B3-8AE8-BE90AFECBAE7}.Release|Any CPU.Build.0 = Release|Any CPU
		{25B590DF-77B9-4DB3-830F-47B8BEBD1135}.Debug|Any CPU.ActiveCfg = Debug|Any CPU
		{25B590DF-77B9-4DB3-830F-47B8BEBD1135}.Debug|Any CPU.Build.0 = Debug|Any CPU
		{25B590DF-77B9-4DB3-830F-47B8BEBD1135}.Release|Any CPU.ActiveCfg = Release|Any CPU
		{25B590DF-77B9-4DB3-830F-47B8BEBD1135}.Release|Any CPU.Build.0 = Release|Any CPU
		{D92E7E55-BC18-4227-8AC4-AC93369378A8}.Debug|Any CPU.ActiveCfg = Debug|Any CPU
		{D92E7E55-BC18-4227-8AC4-AC93369378A8}.Debug|Any CPU.Build.0 = Debug|Any CPU
		{D92E7E55-BC18-4227-8AC4-AC93369378A8}.Release|Any CPU.ActiveCfg = Release|Any CPU
		{D92E7E55-BC18-4227-8AC4-AC93369378A8}.Release|Any CPU.Build.0 = Release|Any CPU
		{26979F76-AB20-4907-9B37-23887D746E6D}.Debug|Any CPU.ActiveCfg = Debug|Any CPU
		{26979F76-AB20-4907-9B37-23887D746E6D}.Debug|Any CPU.Build.0 = Debug|Any CPU
		{26979F76-AB20-4907-9B37-23887D746E6D}.Release|Any CPU.ActiveCfg = Release|Any CPU
		{26979F76-AB20-4907-9B37-23887D746E6D}.Release|Any CPU.Build.0 = Release|Any CPU
		{F9282C66-77F5-4D2E-BA41-420A106F4824}.Debug|Any CPU.ActiveCfg = Debug|Any CPU
		{F9282C66-77F5-4D2E-BA41-420A106F4824}.Debug|Any CPU.Build.0 = Debug|Any CPU
		{F9282C66-77F5-4D2E-BA41-420A106F4824}.Release|Any CPU.ActiveCfg = Release|Any CPU
		{F9282C66-77F5-4D2E-BA41-420A106F4824}.Release|Any CPU.Build.0 = Release|Any CPU
	EndGlobalSection
	GlobalSection(SolutionProperties) = preSolution
		HideSolutionNode = FALSE
	EndGlobalSection
	GlobalSection(ExtensibilityGlobals) = postSolution
		SolutionGuid = {4DEB4CA3-9999-4230-81AA-2ADB25554C0A}
	EndGlobalSection
EndGlobal
